<?xml version="1.0" encoding="UTF-8" standalone="yes" ?>
<CodeBlocks_project_file>
   <FileVersion major="1" minor="6" />
   <Project>
      <Option title="ID003_LIB_V3" />
      <Option makefile_is_custom="1" />
      <Option compiler="gcc" />
      <Option virtualFolders="CMake Files\;CMake Files\..\;CMake Files\..\..\;CMake Files\..\..\..\;CMake Files\..\..\..\..\;CMake Files\..\..\..\..\..\;CMake Files\..\..\..\..\..\usr\;CMake Files\..\..\..\..\..\usr\lib64\;CMake Files\..\..\..\..\..\usr\lib64\cmake\;CMake Files\..\..\..\..\..\usr\lib64\cmake\Qt5\;CMake Files\..\..\..\..\..\usr\lib64\cmake\Qt5Core\;" />
      <Build>
      <Target title="all">
         <Option working_dir="/home/cabitech/flappyBird/FlappyBird-E135/ID003_Lib_V3-build" />
         <Option type="4" />
         <MakeCommands>
            <Build command="/usr/bin/gmake -f &quot;/home/cabitech/flappyBird/FlappyBird-E135/ID003_Lib_V3-build/Makefile&quot;  VERBOSE=1 all" />
            <CompileFile command="/usr/bin/gmake -f &quot;/home/cabitech/flappyBird/FlappyBird-E135/ID003_Lib_V3-build/Makefile&quot;  VERBOSE=1 &quot;$file&quot;" />
            <Clean command="/usr/bin/gmake -f &quot;/home/cabitech/flappyBird/FlappyBird-E135/ID003_Lib_V3-build/Makefile&quot;  VERBOSE=1 clean" />
            <DistClean command="/usr/bin/gmake -f &quot;/home/cabitech/flappyBird/FlappyBird-E135/ID003_Lib_V3-build/Makefile&quot;  VERBOSE=1 clean" />
         </MakeCommands>
      </Target>
      <Target title="rebuild_cache">
         <Option working_dir="/home/cabitech/flappyBird/FlappyBird-E135/ID003_Lib_V3-build" />
         <Option type="4" />
         <MakeCommands>
            <Build command="/usr/bin/gmake -f &quot;/home/cabitech/flappyBird/FlappyBird-E135/ID003_Lib_V3-build/Makefile&quot;  VERBOSE=1 rebuild_cache" />
            <CompileFile command="/usr/bin/gmake -f &quot;/home/cabitech/flappyBird/FlappyBird-E135/ID003_Lib_V3-build/Makefile&quot;  VERBOSE=1 &quot;$file&quot;" />
            <Clean command="/usr/bin/gmake -f &quot;/home/cabitech/flappyBird/FlappyBird-E135/ID003_Lib_V3-build/Makefile&quot;  VERBOSE=1 clean" />
            <DistClean command="/usr/bin/gmake -f &quot;/home/cabitech/flappyBird/FlappyBird-E135/ID003_Lib_V3-build/Makefile&quot;  VERBOSE=1 clean" />
         </MakeCommands>
      </Target>
      <Target title="list_install_components">
         <Option working_dir="/home/cabitech/flappyBird/FlappyBird-E135/ID003_Lib_V3-build" />
         <Option type="4" />
         <MakeCommands>
            <Build command="/usr/bin/gmake -f &quot;/home/cabitech/flappyBird/FlappyBird-E135/ID003_Lib_V3-build/Makefile&quot;  VERBOSE=1 list_install_components" />
            <CompileFile command="/usr/bin/gmake -f &quot;/home/cabitech/flappyBird/FlappyBird-E135/ID003_Lib_V3-build/Makefile&quot;  VERBOSE=1 &quot;$file&quot;" />
            <Clean command="/usr/bin/gmake -f &quot;/home/cabitech/flappyBird/FlappyBird-E135/ID003_Lib_V3-build/Makefile&quot;  VERBOSE=1 clean" />
            <DistClean command="/usr/bin/gmake -f &quot;/home/cabitech/flappyBird/FlappyBird-E135/ID003_Lib_V3-build/Makefile&quot;  VERBOSE=1 clean" />
         </MakeCommands>
      </Target>
      <Target title="install">
         <Option working_dir="/home/cabitech/flappyBird/FlappyBird-E135/ID003_Lib_V3-build" />
         <Option type="4" />
         <MakeCommands>
            <Build command="/usr/bin/gmake -f &quot;/home/cabitech/flappyBird/FlappyBird-E135/ID003_Lib_V3-build/Makefile&quot;  VERBOSE=1 install" />
            <CompileFile command="/usr/bin/gmake -f &quot;/home/cabitech/flappyBird/FlappyBird-E135/ID003_Lib_V3-build/Makefile&quot;  VERBOSE=1 &quot;$file&quot;" />
            <Clean command="/usr/bin/gmake -f &quot;/home/cabitech/flappyBird/FlappyBird-E135/ID003_Lib_V3-build/Makefile&quot;  VERBOSE=1 clean" />
            <DistClean command="/usr/bin/gmake -f &quot;/home/cabitech/flappyBird/FlappyBird-E135/ID003_Lib_V3-build/Makefile&quot;  VERBOSE=1 clean" />
         </MakeCommands>
      </Target>
      <Target title="install/local">
         <Option working_dir="/home/cabitech/flappyBird/FlappyBird-E135/ID003_Lib_V3-build" />
         <Option type="4" />
         <MakeCommands>
            <Build command="/usr/bin/gmake -f &quot;/home/cabitech/flappyBird/FlappyBird-E135/ID003_Lib_V3-build/Makefile&quot;  VERBOSE=1 install/local" />
            <CompileFile command="/usr/bin/gmake -f &quot;/home/cabitech/flappyBird/FlappyBird-E135/ID003_Lib_V3-build/Makefile&quot;  VERBOSE=1 &quot;$file&quot;" />
            <Clean command="/usr/bin/gmake -f &quot;/home/cabitech/flappyBird/FlappyBird-E135/ID003_Lib_V3-build/Makefile&quot;  VERBOSE=1 clean" />
            <DistClean command="/usr/bin/gmake -f &quot;/home/cabitech/flappyBird/FlappyBird-E135/ID003_Lib_V3-build/Makefile&quot;  VERBOSE=1 clean" />
         </MakeCommands>
      </Target>
      <Target title="install/strip">
         <Option working_dir="/home/cabitech/flappyBird/FlappyBird-E135/ID003_Lib_V3-build" />
         <Option type="4" />
         <MakeCommands>
            <Build command="/usr/bin/gmake -f &quot;/home/cabitech/flappyBird/FlappyBird-E135/ID003_Lib_V3-build/Makefile&quot;  VERBOSE=1 install/strip" />
            <CompileFile command="/usr/bin/gmake -f &quot;/home/cabitech/flappyBird/FlappyBird-E135/ID003_Lib_V3-build/Makefile&quot;  VERBOSE=1 &quot;$file&quot;" />
            <Clean command="/usr/bin/gmake -f &quot;/home/cabitech/flappyBird/FlappyBird-E135/ID003_Lib_V3-build/Makefile&quot;  VERBOSE=1 clean" />
            <DistClean command="/usr/bin/gmake -f &quot;/home/cabitech/flappyBird/FlappyBird-E135/ID003_Lib_V3-build/Makefile&quot;  VERBOSE=1 clean" />
         </MakeCommands>
      </Target>
      <Target title="ID003_LIB_V3_automoc">
         <Option working_dir="/home/cabitech/flappyBird/FlappyBird-E135/ID003_Lib_V3-build" />
         <Option type="4" />
         <MakeCommands>
            <Build command="/usr/bin/gmake -f &quot;/home/cabitech/flappyBird/FlappyBird-E135/ID003_Lib_V3-build/Makefile&quot;  VERBOSE=1 ID003_LIB_V3_automoc" />
            <CompileFile command="/usr/bin/gmake -f &quot;/home/cabitech/flappyBird/FlappyBird-E135/ID003_Lib_V3-build/Makefile&quot;  VERBOSE=1 &quot;$file&quot;" />
            <Clean command="/usr/bin/gmake -f &quot;/home/cabitech/flappyBird/FlappyBird-E135/ID003_Lib_V3-build/Makefile&quot;  VERBOSE=1 clean" />
            <DistClean command="/usr/bin/gmake -f &quot;/home/cabitech/flappyBird/FlappyBird-E135/ID003_Lib_V3-build/Makefile&quot;  VERBOSE=1 clean" />
         </MakeCommands>
      </Target>
      <Target title="edit_cache">
         <Option working_dir="/home/cabitech/flappyBird/FlappyBird-E135/ID003_Lib_V3-build" />
         <Option type="4" />
         <MakeCommands>
            <Build command="/usr/bin/gmake -f &quot;/home/cabitech/flappyBird/FlappyBird-E135/ID003_Lib_V3-build/Makefile&quot;  VERBOSE=1 edit_cache" />
            <CompileFile command="/usr/bin/gmake -f &quot;/home/cabitech/flappyBird/FlappyBird-E135/ID003_Lib_V3-build/Makefile&quot;  VERBOSE=1 &quot;$file&quot;" />
            <Clean command="/usr/bin/gmake -f &quot;/home/cabitech/flappyBird/FlappyBird-E135/ID003_Lib_V3-build/Makefile&quot;  VERBOSE=1 clean" />
            <DistClean command="/usr/bin/gmake -f &quot;/home/cabitech/flappyBird/FlappyBird-E135/ID003_Lib_V3-build/Makefile&quot;  VERBOSE=1 clean" />
         </MakeCommands>
      </Target>
      <Target title="ID003_LIB_V3">
         <Option output="/home/cabitech/flappyBird/FlappyBird-E135/ID003_Lib_V3-build/libID003_LIB_V3.so" prefix_auto="0" extension_auto="0" />
         <Option working_dir="/home/cabitech/flappyBird/FlappyBird-E135/ID003_Lib_V3-build" />
         <Option object_output="./" />
         <Option type="3" />
         <Option compiler="gcc" />
         <Compiler>
            <Add option="-DQT_CORE_LIB" />
            <Add option="-DQT_NO_DEBUG" />
            <Add directory="/home/cabitech/flappyBird/FlappyBird-E135/ID003_Lib_V3" />
            <Add directory="/home/cabitech/flappyBird/FlappyBird-E135/ID003_Lib_V3-build" />
            <Add directory="/usr/include" />
            <Add directory="/usr/include/c++/4.8" />
            <Add directory="/usr/include/c++/4.8/backward" />
            <Add directory="/usr/include/c++/4.8/x86_64-suse-linux" />
            <Add directory="/usr/include/qt5" />
            <Add directory="/usr/include/qt5/QtCore" />
            <Add directory="/usr/lib64/gcc/x86_64-suse-linux/4.8/../../../../x86_64-suse-linux/include" />
            <Add directory="/usr/lib64/gcc/x86_64-suse-linux/4.8/include" />
            <Add directory="/usr/lib64/gcc/x86_64-suse-linux/4.8/include-fixed" />
            <Add directory="/usr/lib64/qt5/mkspecs/linux-g++" />
            <Add directory="/usr/local/include" />
         </Compiler>
         <MakeCommands>
            <Build command="/usr/bin/gmake -f &quot;/home/cabitech/flappyBird/FlappyBird-E135/ID003_Lib_V3-build/Makefile&quot;  VERBOSE=1 ID003_LIB_V3" />
            <CompileFile command="/usr/bin/gmake -f &quot;/home/cabitech/flappyBird/FlappyBird-E135/ID003_Lib_V3-build/Makefile&quot;  VERBOSE=1 &quot;$file&quot;" />
            <Clean command="/usr/bin/gmake -f &quot;/home/cabitech/flappyBird/FlappyBird-E135/ID003_Lib_V3-build/Makefile&quot;  VERBOSE=1 clean" />
            <DistClean command="/usr/bin/gmake -f &quot;/home/cabitech/flappyBird/FlappyBird-E135/ID003_Lib_V3-build/Makefile&quot;  VERBOSE=1 clean" />
         </MakeCommands>
      </Target>
      <Target title="ID003_LIB_V3/fast">
         <Option output="/home/cabitech/flappyBird/FlappyBird-E135/ID003_Lib_V3-build/libID003_LIB_V3.so" prefix_auto="0" extension_auto="0" />
         <Option working_dir="/home/cabitech/flappyBird/FlappyBird-E135/ID003_Lib_V3-build" />
         <Option object_output="./" />
         <Option type="3" />
         <Option compiler="gcc" />
         <Compiler>
            <Add option="-DQT_CORE_LIB" />
            <Add option="-DQT_NO_DEBUG" />
            <Add directory="/home/cabitech/flappyBird/FlappyBird-E135/ID003_Lib_V3" />
            <Add directory="/home/cabitech/flappyBird/FlappyBird-E135/ID003_Lib_V3-build" />
            <Add directory="/usr/include" />
            <Add directory="/usr/include/c++/4.8" />
            <Add directory="/usr/include/c++/4.8/backward" />
            <Add directory="/usr/include/c++/4.8/x86_64-suse-linux" />
            <Add directory="/usr/include/qt5" />
            <Add directory="/usr/include/qt5/QtCore" />
            <Add directory="/usr/lib64/gcc/x86_64-suse-linux/4.8/../../../../x86_64-suse-linux/include" />
            <Add directory="/usr/lib64/gcc/x86_64-suse-linux/4.8/include" />
            <Add directory="/usr/lib64/gcc/x86_64-suse-linux/4.8/include-fixed" />
            <Add directory="/usr/lib64/qt5/mkspecs/linux-g++" />
            <Add directory="/usr/local/include" />
         </Compiler>
         <MakeCommands>
            <Build command="/usr/bin/gmake -f &quot;/home/cabitech/flappyBird/FlappyBird-E135/ID003_Lib_V3-build/Makefile&quot;  VERBOSE=1 ID003_LIB_V3/fast" />
            <CompileFile command="/usr/bin/gmake -f &quot;/home/cabitech/flappyBird/FlappyBird-E135/ID003_Lib_V3-build/Makefile&quot;  VERBOSE=1 &quot;$file&quot;" />
            <Clean command="/usr/bin/gmake -f &quot;/home/cabitech/flappyBird/FlappyBird-E135/ID003_Lib_V3-build/Makefile&quot;  VERBOSE=1 clean" />
            <DistClean command="/usr/bin/gmake -f &quot;/home/cabitech/flappyBird/FlappyBird-E135/ID003_Lib_V3-build/Makefile&quot;  VERBOSE=1 clean" />
         </MakeCommands>
      </Target>
      </Build>
      <Unit filename="/home/cabitech/flappyBird/FlappyBird-E135/ID003_Lib_V3/IDcomand.cpp">
         <Option target="ID003_LIB_V3"/>
      </Unit>
      <Unit filename="/home/cabitech/flappyBird/FlappyBird-E135/ID003_Lib_V3/IDcomand.h">
         <Option target="ID003_LIB_V3"/>
      </Unit>
      <Unit filename="/home/cabitech/flappyBird/FlappyBird-E135/ID003_Lib_V3/Idcomm.cpp">
         <Option target="ID003_LIB_V3"/>
      </Unit>
      <Unit filename="/home/cabitech/flappyBird/FlappyBird-E135/ID003_Lib_V3/Idcomm.h">
         <Option target="ID003_LIB_V3"/>
      </Unit>
      <Unit filename="/home/cabitech/flappyBird/FlappyBird-E135/ID003_Lib_V3/id003_lib_v3.cpp">
         <Option target="ID003_LIB_V3"/>
      </Unit>
      <Unit filename="/home/cabitech/flappyBird/FlappyBird-E135/ID003_Lib_V3/id003_lib_v3.h">
         <Option target="ID003_LIB_V3"/>
      </Unit>
      <Unit filename="/home/cabitech/flappyBird/FlappyBird-E135/ID003_Lib_V3/logs/KbiredUtilities.cpp">
         <Option target="ID003_LIB_V3"/>
      </Unit>
      <Unit filename="/home/cabitech/flappyBird/FlappyBird-E135/ID003_Lib_V3/logs/KbiredUtilities.h">
         <Option target="ID003_LIB_V3"/>
      </Unit>
      <Unit filename="/home/cabitech/flappyBird/FlappyBird-E135/ID003_Lib_V3/CMakeLists.txt">
          <Option virtualFolder="CMake Files\" />
      </Unit>
      <Unit filename="/home/cabitech/flappyBird/FlappyBird-E135/ID003_Lib_V3/../../../../../usr/lib64/cmake/Qt5/Qt5ConfigVersion.cmake">
          <Option virtualFolder="CMake Files\..\..\..\..\..\usr\lib64\cmake\Qt5\" />
      </Unit>
      <Unit filename="/home/cabitech/flappyBird/FlappyBird-E135/ID003_Lib_V3/../../../../../usr/lib64/cmake/Qt5/Qt5Config.cmake">
          <Option virtualFolder="CMake Files\..\..\..\..\..\usr\lib64\cmake\Qt5\" />
      </Unit>
      <Unit filename="/home/cabitech/flappyBird/FlappyBird-E135/ID003_Lib_V3/../../../../../usr/lib64/cmake/Qt5Core/Qt5CoreConfigVersion.cmake">
          <Option virtualFolder="CMake Files\..\..\..\..\..\usr\lib64\cmake\Qt5Core\" />
      </Unit>
      <Unit filename="/home/cabitech/flappyBird/FlappyBird-E135/ID003_Lib_V3/../../../../../usr/lib64/cmake/Qt5Core/Qt5CoreConfig.cmake">
          <Option virtualFolder="CMake Files\..\..\..\..\..\usr\lib64\cmake\Qt5Core\" />
      </Unit>
      <Unit filename="/home/cabitech/flappyBird/FlappyBird-E135/ID003_Lib_V3/../../../../../usr/lib64/cmake/Qt5Core/Qt5CoreConfigExtras.cmake">
          <Option virtualFolder="CMake Files\..\..\..\..\..\usr\lib64\cmake\Qt5Core\" />
      </Unit>
      <Unit filename="/home/cabitech/flappyBird/FlappyBird-E135/ID003_Lib_V3/../../../../../usr/lib64/cmake/Qt5Core/Qt5CoreConfigExtrasMkspecDir.cmake">
          <Option virtualFolder="CMake Files\..\..\..\..\..\usr\lib64\cmake\Qt5Core\" />
      </Unit>
      <Unit filename="/home/cabitech/flappyBird/FlappyBird-E135/ID003_Lib_V3/../../../../../usr/lib64/cmake/Qt5Core/Qt5CoreMacros.cmake">
          <Option virtualFolder="CMake Files\..\..\..\..\..\usr\lib64\cmake\Qt5Core\" />
      </Unit>
   </Project>
</CodeBlocks_project_file>
